
Microsoft Visual Studio Solution File, Format Version 12.00
# Visual Studio Version 17
VisualStudioVersion = 17.3.32825.248
MinimumVisualStudioVersion = 10.0.40219.1
Project("{FAE04EC0-301F-11D3-BF4B-00C04F79EFBC}") = "FootballRest", "FootballRest\FootballRest.csproj", "{55899D97-F420-4BF6-B402-DFFC16FC5D05}"
EndProject
Project("{FAE04EC0-301F-11D3-BF4B-00C04F79EFBC}") = "FootballRestTests", "FootballRestTests\FootballRestTests.csproj", "{005A6949-9FE1-4CD2-A29A-5B5CEF61BA55}"
EndProject
Global
	GlobalSection(SolutionConfigurationPlatforms) = preSolution
		Debug|Any CPU = Debug|Any CPU
		Release|Any CPU = Release|Any CPU
	EndGlobalSection
	GlobalSection(ProjectConfigurationPlatforms) = postSolution
		{55899D97-F420-4BF6-B402-DFFC16FC5D05}.Debug|Any CPU.ActiveCfg = Debug|Any CPU
		{55899D97-F420-4BF6-B402-DFFC16FC5D05}.Debug|Any CPU.Build.0 = Debug|Any CPU
		{55899D97-F420-4BF6-B402-DFFC16FC5D05}.Release|Any CPU.ActiveCfg = Release|Any CPU
		{55899D97-F420-4BF6-B402-DFFC16FC5D05}.Release|Any CPU.Build.0 = Release|Any CPU
		{005A6949-9FE1-4CD2-A29A-5B5CEF61BA55}.Debug|Any CPU.ActiveCfg = Debug|Any CPU
		{005A6949-9FE1-4CD2-A29A-5B5CEF61BA55}.Debug|Any CPU.Build.0 = Debug|Any CPU
		{005A6949-9FE1-4CD2-A29A-5B5CEF61BA55}.Release|Any CPU.ActiveCfg = Release|Any CPU
		{005A6949-9FE1-4CD2-A29A-5B5CEF61BA55}.Release|Any CPU.Build.0 = Release|Any CPU
	EndGlobalSection
	GlobalSection(SolutionProperties) = preSolution
		HideSolutionNode = FALSE
	EndGlobalSection
	GlobalSection(ExtensibilityGlobals) = postSolution
		SolutionGuid = {AFE0ED7B-78AB-416A-93AD-61875A806961}
	EndGlobalSection
EndGlobal
